
Microsoft Visual Studio Solution File, Format Version 12.00
# Visual Studio Version 17
VisualStudioVersion = 17.1.32407.343
MinimumVisualStudioVersion = 10.0.40219.1
Project("{FAE04EC0-301F-11D3-BF4B-00C04F79EFBC}") = "Yut.WorldBoss", "Yut.WorldBoss\Yut.WorldBoss.csproj", "{BA8AF1D7-4F15-43ED-B1B7-AC2DBAD868A1}"
EndProject
Global
	GlobalSection(SolutionConfigurationPlatforms) = preSolution
		Debug|Any CPU = Debug|Any CPU
		Release|Any CPU = Release|Any CPU
	EndGlobalSection
	GlobalSection(ProjectConfigurationPlatforms) = postSolution
		{BA8AF1D7-4F15-43ED-B1B7-AC2DBAD868A1}.Debug|Any CPU.ActiveCfg = Debug|Any CPU
		{BA8AF1D7-4F15-43ED-B1B7-AC2DBAD868A1}.Debug|Any CPU.Build.0 = Debug|Any CPU
		{BA8AF1D7-4F15-43ED-B1B7-AC2DBAD868A1}.Release|Any CPU.ActiveCfg = Release|Any CPU
		{BA8AF1D7-4F15-43ED-B1B7-AC2DBAD868A1}.Release|Any CPU.Build.0 = Release|Any CPU
	EndGlobalSection
	GlobalSection(SolutionProperties) = preSolution
		HideSolutionNode = FALSE
	EndGlobalSection
	GlobalSection(ExtensibilityGlobals) = postSolution
		SolutionGuid = {5C60F9BA-268F-4C7A-8696-379960E060B1}
	EndGlobalSection
EndGlobal
